
Microsoft Visual Studio Solution File, Format Version 12.00
# Visual Studio Version 17
VisualStudioVersion = 17.10.35122.118
MinimumVisualStudioVersion = 10.0.40219.1
Project("{9A19103F-16F7-4668-BE54-9A1E7A4F7556}") = "Company.Api", "src\Company.Api\Company.Api.csproj", "{3F0B1133-6944-4B84-B80E-395EF9408F54}"
EndProject
Project("{FAE04EC0-301F-11D3-BF4B-00C04F79EFBC}") = "Company.Domain", "src\Company.Domain\Company.Domain.csproj", "{008CF3AE-FB95-432D-926F-5CA7ABC5C2D5}"
EndProject
Project("{FAE04EC0-301F-11D3-BF4B-00C04F79EFBC}") = "Company.Infrastructure", "src\Company.Infrastructure\Company.Infrastructure.csproj", "{7F09D2DE-B9B9-4985-94D2-DA8B0EDCD423}"
EndProject
Project("{FAE04EC0-301F-11D3-BF4B-00C04F79EFBC}") = "Company.Domain.UseCases.Tests", "tests\Company.Domain.UseCases.Tests\Company.Domain.UseCases.Tests.csproj", "{318D1D06-D5BC-42E2-AB26-01C4DFCCCF04}"
EndProject
Global
	GlobalSection(SolutionConfigurationPlatforms) = preSolution
		Debug|Any CPU = Debug|Any CPU
		Release|Any CPU = Release|Any CPU
	EndGlobalSection
	GlobalSection(ProjectConfigurationPlatforms) = postSolution
		{3F0B1133-6944-4B84-B80E-395EF9408F54}.Debug|Any CPU.ActiveCfg = Debug|Any CPU
		{3F0B1133-6944-4B84-B80E-395EF9408F54}.Debug|Any CPU.Build.0 = Debug|Any CPU
		{3F0B1133-6944-4B84-B80E-395EF9408F54}.Release|Any CPU.ActiveCfg = Release|Any CPU
		{3F0B1133-6944-4B84-B80E-395EF9408F54}.Release|Any CPU.Build.0 = Release|Any CPU
		{008CF3AE-FB95-432D-926F-5CA7ABC5C2D5}.Debug|Any CPU.ActiveCfg = Debug|Any CPU
		{008CF3AE-FB95-432D-926F-5CA7ABC5C2D5}.Debug|Any CPU.Build.0 = Debug|Any CPU
		{008CF3AE-FB95-432D-926F-5CA7ABC5C2D5}.Release|Any CPU.ActiveCfg = Release|Any CPU
		{008CF3AE-FB95-432D-926F-5CA7ABC5C2D5}.Release|Any CPU.Build.0 = Release|Any CPU
		{7F09D2DE-B9B9-4985-94D2-DA8B0EDCD423}.Debug|Any CPU.ActiveCfg = Debug|Any CPU
		{7F09D2DE-B9B9-4985-94D2-DA8B0EDCD423}.Debug|Any CPU.Build.0 = Debug|Any CPU
		{7F09D2DE-B9B9-4985-94D2-DA8B0EDCD423}.Release|Any CPU.ActiveCfg = Release|Any CPU
		{7F09D2DE-B9B9-4985-94D2-DA8B0EDCD423}.Release|Any CPU.Build.0 = Release|Any CPU
		{318D1D06-D5BC-42E2-AB26-01C4DFCCCF04}.Debug|Any CPU.ActiveCfg = Debug|Any CPU
		{318D1D06-D5BC-42E2-AB26-01C4DFCCCF04}.Debug|Any CPU.Build.0 = Debug|Any CPU
		{318D1D06-D5BC-42E2-AB26-01C4DFCCCF04}.Release|Any CPU.ActiveCfg = Release|Any CPU
		{318D1D06-D5BC-42E2-AB26-01C4DFCCCF04}.Release|Any CPU.Build.0 = Release|Any CPU
	EndGlobalSection
	GlobalSection(SolutionProperties) = preSolution
		HideSolutionNode = FALSE
	EndGlobalSection
	GlobalSection(ExtensibilityGlobals) = postSolution
		SolutionGuid = {DA516514-FD25-4B76-AA0A-B453808DCDBB}
	EndGlobalSection
EndGlobal
